
Microsoft Visual Studio Solution File, Format Version 12.00
# Visual Studio Version 17
VisualStudioVersion = 17.5.002.0
MinimumVisualStudioVersion = 10.0.40219.1
Project("{2150E333-8FDC-42A3-9474-1A3956D46DE8}") = "src", "src", "{642E8A35-133D-483F-BECB-C3D9A636C6C3}"
EndProject
Project("{9A19103F-16F7-4668-BE54-9A1E7A4F7556}") = "Household.Budget", "src\Household.Budget\Household.Budget.csproj", "{AE5E65DF-6213-4248-9BDE-EAD7DEF863CB}"
EndProject
Global
	GlobalSection(SolutionConfigurationPlatforms) = preSolution
		Debug|Any CPU = Debug|Any CPU
		Release|Any CPU = Release|Any CPU
	EndGlobalSection
	GlobalSection(ProjectConfigurationPlatforms) = postSolution
		{AE5E65DF-6213-4248-9BDE-EAD7DEF863CB}.Debug|Any CPU.ActiveCfg = Debug|Any CPU
		{AE5E65DF-6213-4248-9BDE-EAD7DEF863CB}.Debug|Any CPU.Build.0 = Debug|Any CPU
		{AE5E65DF-6213-4248-9BDE-EAD7DEF863CB}.Release|Any CPU.ActiveCfg = Release|Any CPU
		{AE5E65DF-6213-4248-9BDE-EAD7DEF863CB}.Release|Any CPU.Build.0 = Release|Any CPU
	EndGlobalSection
	GlobalSection(SolutionProperties) = preSolution
		HideSolutionNode = FALSE
	EndGlobalSection
	GlobalSection(NestedProjects) = preSolution
		{AE5E65DF-6213-4248-9BDE-EAD7DEF863CB} = {642E8A35-133D-483F-BECB-C3D9A636C6C3}
	EndGlobalSection
	GlobalSection(ExtensibilityGlobals) = postSolution
		SolutionGuid = {9F090BF7-270A-4783-88F8-5001AF26FB23}
	EndGlobalSection
EndGlobal
